
Microsoft Visual Studio Solution File, Format Version 11.00
# Visual Studio 2010
Project("{FAE04EC0-301F-11D3-BF4B-00C04F79EFBC}") = "metodo2-triana", "metodo2-triana\metodo2-triana.csproj", "{D1D1ECAA-A69D-49B7-A097-9B90A03E854A}"
EndProject
Global
	GlobalSection(SolutionConfigurationPlatforms) = preSolution
		Debug|x86 = Debug|x86
		Release|x86 = Release|x86
	EndGlobalSection
	GlobalSection(ProjectConfigurationPlatforms) = postSolution
		{D1D1ECAA-A69D-49B7-A097-9B90A03E854A}.Debug|x86.ActiveCfg = Debug|x86
		{D1D1ECAA-A69D-49B7-A097-9B90A03E854A}.Debug|x86.Build.0 = Debug|x86
		{D1D1ECAA-A69D-49B7-A097-9B90A03E854A}.Release|x86.ActiveCfg = Release|x86
		{D1D1ECAA-A69D-49B7-A097-9B90A03E854A}.Release|x86.Build.0 = Release|x86
	EndGlobalSection
	GlobalSection(SolutionProperties) = preSolution
		HideSolutionNode = FALSE
	EndGlobalSection
EndGlobal
