
Microsoft Visual Studio Solution File, Format Version 11.00
# Visual Studio 2010
Project("{FAE04EC0-301F-11D3-BF4B-00C04F79EFBC}") = "Trabajo 23", "Trabajo 23\Trabajo 23.csproj", "{BC1D7362-A012-43B2-BC50-835D7A94D9FF}"
EndProject
Global
	GlobalSection(SolutionConfigurationPlatforms) = preSolution
		Debug|x86 = Debug|x86
		Release|x86 = Release|x86
	EndGlobalSection
	GlobalSection(ProjectConfigurationPlatforms) = postSolution
		{BC1D7362-A012-43B2-BC50-835D7A94D9FF}.Debug|x86.ActiveCfg = Debug|x86
		{BC1D7362-A012-43B2-BC50-835D7A94D9FF}.Debug|x86.Build.0 = Debug|x86
		{BC1D7362-A012-43B2-BC50-835D7A94D9FF}.Release|x86.ActiveCfg = Release|x86
		{BC1D7362-A012-43B2-BC50-835D7A94D9FF}.Release|x86.Build.0 = Release|x86
	EndGlobalSection
	GlobalSection(SolutionProperties) = preSolution
		HideSolutionNode = FALSE
	EndGlobalSection
EndGlobal
