
Microsoft Visual Studio Solution File, Format Version 11.00
# Visual Studio 2010
Project("{FAE04EC0-301F-11D3-BF4B-00C04F79EFBC}") = "Practica de Consola", "Practica de Consola\Practica de Consola.csproj", "{CE91C771-5933-4468-B0F8-1753A4C3E9FB}"
EndProject
Global
	GlobalSection(SolutionConfigurationPlatforms) = preSolution
		Debug|x86 = Debug|x86
		Release|x86 = Release|x86
	EndGlobalSection
	GlobalSection(ProjectConfigurationPlatforms) = postSolution
		{CE91C771-5933-4468-B0F8-1753A4C3E9FB}.Debug|x86.ActiveCfg = Debug|x86
		{CE91C771-5933-4468-B0F8-1753A4C3E9FB}.Debug|x86.Build.0 = Debug|x86
		{CE91C771-5933-4468-B0F8-1753A4C3E9FB}.Release|x86.ActiveCfg = Release|x86
		{CE91C771-5933-4468-B0F8-1753A4C3E9FB}.Release|x86.Build.0 = Release|x86
	EndGlobalSection
	GlobalSection(SolutionProperties) = preSolution
		HideSolutionNode = FALSE
	EndGlobalSection
EndGlobal
