
Microsoft Visual Studio Solution File, Format Version 11.00
# Visual Studio 2010
Project("{FAE04EC0-301F-11D3-BF4B-00C04F79EFBC}") = "Trabajo 21", "Trabajo 21\Trabajo 21.csproj", "{38CC8881-5E5C-4D7A-82D6-54F962078A53}"
EndProject
Global
	GlobalSection(SolutionConfigurationPlatforms) = preSolution
		Debug|x86 = Debug|x86
		Release|x86 = Release|x86
	EndGlobalSection
	GlobalSection(ProjectConfigurationPlatforms) = postSolution
		{38CC8881-5E5C-4D7A-82D6-54F962078A53}.Debug|x86.ActiveCfg = Debug|x86
		{38CC8881-5E5C-4D7A-82D6-54F962078A53}.Debug|x86.Build.0 = Debug|x86
		{38CC8881-5E5C-4D7A-82D6-54F962078A53}.Release|x86.ActiveCfg = Release|x86
		{38CC8881-5E5C-4D7A-82D6-54F962078A53}.Release|x86.Build.0 = Release|x86
	EndGlobalSection
	GlobalSection(SolutionProperties) = preSolution
		HideSolutionNode = FALSE
	EndGlobalSection
EndGlobal
