
Microsoft Visual Studio Solution File, Format Version 12.00
# Visual Studio 2012
Project("{FAE04EC0-301F-11D3-BF4B-00C04F79EFBC}") = "examengaraybiblioteca", "examengaraybiblioteca\examengaraybiblioteca.csproj", "{D1122450-AB21-4382-9719-23ED75462176}"
EndProject
Global
	GlobalSection(SolutionConfigurationPlatforms) = preSolution
		Debug|Any CPU = Debug|Any CPU
		Release|Any CPU = Release|Any CPU
	EndGlobalSection
	GlobalSection(ProjectConfigurationPlatforms) = postSolution
		{D1122450-AB21-4382-9719-23ED75462176}.Debug|Any CPU.ActiveCfg = Debug|Any CPU
		{D1122450-AB21-4382-9719-23ED75462176}.Debug|Any CPU.Build.0 = Debug|Any CPU
		{D1122450-AB21-4382-9719-23ED75462176}.Release|Any CPU.ActiveCfg = Release|Any CPU
		{D1122450-AB21-4382-9719-23ED75462176}.Release|Any CPU.Build.0 = Release|Any CPU
	EndGlobalSection
	GlobalSection(SolutionProperties) = preSolution
		HideSolutionNode = FALSE
	EndGlobalSection
EndGlobal
